
Microsoft Visual Studio Solution File, Format Version 12.00
# Visual Studio 15
VisualStudioVersion = 15.0.28010.2016
MinimumVisualStudioVersion = 10.0.40219.1
Project("{FAE04EC0-301F-11D3-BF4B-00C04F79EFBC}") = "ShravaniCAPSTONE", "WindowsFormsApp3\ShravaniCAPSTONE.csproj", "{6AD70A50-4239-4EE3-81E9-3D9FA0E8031F}"
EndProject
Global
	GlobalSection(SolutionConfigurationPlatforms) = preSolution
		Debug|Any CPU = Debug|Any CPU
		Release|Any CPU = Release|Any CPU
	EndGlobalSection
	GlobalSection(ProjectConfigurationPlatforms) = postSolution
		{6AD70A50-4239-4EE3-81E9-3D9FA0E8031F}.Debug|Any CPU.ActiveCfg = Debug|Any CPU
		{6AD70A50-4239-4EE3-81E9-3D9FA0E8031F}.Debug|Any CPU.Build.0 = Debug|Any CPU
		{6AD70A50-4239-4EE3-81E9-3D9FA0E8031F}.Release|Any CPU.ActiveCfg = Release|Any CPU
		{6AD70A50-4239-4EE3-81E9-3D9FA0E8031F}.Release|Any CPU.Build.0 = Release|Any CPU
	EndGlobalSection
	GlobalSection(SolutionProperties) = preSolution
		HideSolutionNode = FALSE
	EndGlobalSection
	GlobalSection(ExtensibilityGlobals) = postSolution
		SolutionGuid = {6C38D6A1-E6F5-417D-B1E0-FE682814DA34}
	EndGlobalSection
EndGlobal
